PODS:
  - BPushSDK (1.4.8):
    - BPushSDK/normal (= 1.4.8)
  - BPushSDK/normal (1.4.8)

DEPENDENCIES:
  - BPushSDK (from `../`)

EXTERNAL SOURCES:
  BPushSDK:
    :path: "../"

SPEC CHECKSUMS:
  BPushSDK: 9b97294a6fe0afe3ca9fe7827454f7850e6449fe

PODFILE CHECKSUM: 2615bbb7ec63c47fa8b54d054b84200d4a2fd0f9

COCOAPODS: 1.1.1
