// !$*UTF8*$!
{
	archiveVersion = 1;
	classes = {
	};
	objectVersion = 46;
	objects = {

/* Begin PBXBuildFile section */
		223E875A17D8625400BC1034 /* libz.dylib in Frameworks */ = {isa = PBXBuildFile; fileRef = 223E873917D4FD7A00BC1034 /* libz.dylib */; };
		223E875B17D862EC00BC1034 /* SystemConfiguration.framework in Frameworks */ = {isa = PBXBuildFile; fileRef = 223E873717D4FD3E00BC1034 /* SystemConfiguration.framework */; };
		223E875C17D8633600BC1034 /* CoreTelephony.framework in Frameworks */ = {isa = PBXBuildFile; fileRef = 223E873317D4FCF000BC1034 /* CoreTelephony.framework */; };
		22E8ED3D1754E8F100A46D71 /* UIKit.framework in Frameworks */ = {isa = PBXBuildFile; fileRef = 22E8ED3C1754E8F100A46D71 /* UIKit.framework */; };
		22E8ED3F1754E8F100A46D71 /* Foundation.framework in Frameworks */ = {isa = PBXBuildFile; fileRef = 22E8ED3E1754E8F100A46D71 /* Foundation.framework */; };
		22E8ED471754E8F100A46D71 /* InfoPlist.strings in Resources */ = {isa = PBXBuildFile; fileRef = 22E8ED451754E8F100A46D71 /* InfoPlist.strings */; };
		22E8ED491754E8F100A46D71 /* main.m in Sources */ = {isa = PBXBuildFile; fileRef = 22E8ED481754E8F100A46D71 /* main.m */; };
		22E8ED4D1754E8F100A46D71 /* AppDelegate.m in Sources */ = {isa = PBXBuildFile; fileRef = 22E8ED4C1754E8F100A46D71 /* AppDelegate.m */; };
		22E8ED561754E8F100A46D71 /* ViewController.m in Sources */ = {isa = PBXBuildFile; fileRef = 22E8ED551754E8F100A46D71 /* ViewController.m */; };
		22E8ED6D1755EBCC00A46D71 /* BPushConfig.plist in Resources */ = {isa = PBXBuildFile; fileRef = 22E8ED6C1755EBCC00A46D71 /* BPushConfig.plist */; };
		22E8EDE81756200900A46D71 /* ViewController.xib in Resources */ = {isa = PBXBuildFile; fileRef = 22E8EDE61756200900A46D71 /* ViewController.xib */; };
		5B57920F1935E2DD007B1303 /* libBPush.a in Frameworks */ = {isa = PBXBuildFile; fileRef = 5B5792001935E2DD007B1303 /* libBPush.a */; };
		5B5792101935E2DD007B1303 /* Base64.m in Sources */ = {isa = PBXBuildFile; fileRef = 5B5792031935E2DD007B1303 /* Base64.m */; };
		5B5792111935E2DD007B1303 /* BPushClass.m in Sources */ = {isa = PBXBuildFile; fileRef = 5B5792061935E2DD007B1303 /* BPushClass.m */; };
		5B5792121935E2DD007B1303 /* GzipCompressor.m in Sources */ = {isa = PBXBuildFile; fileRef = 5B5792081935E2DD007B1303 /* GzipCompressor.m */; };
		5B5792131935E2DD007B1303 /* JSONKit.m in Sources */ = {isa = PBXBuildFile; fileRef = 5B57920A1935E2DD007B1303 /* JSONKit.m */; };
		5B5792141935E2DD007B1303 /* OpenUDID.m in Sources */ = {isa = PBXBuildFile; fileRef = 5B57920C1935E2DD007B1303 /* OpenUDID.m */; };
		5B5792151935E2DD007B1303 /* Reachability.m in Sources */ = {isa = PBXBuildFile; fileRef = 5B57920E1935E2DD007B1303 /* Reachability.m */; };
		5BBE04A61924C48C000A50A8 /* libc++.dylib in Frameworks */ = {isa = PBXBuildFile; fileRef = 5BBE04A51924C48C000A50A8 /* libc++.dylib */; };
		5BC47585192F070E0089534D /* Security.framework in Frameworks */ = {isa = PBXBuildFile; fileRef = 5BC47584192F070E0089534D /* Security.framework */; };
		5BC4758C192F0BE40089534D /* cat.caf in Resources */ = {isa = PBXBuildFile; fileRef = 5BC47587192F0BE40089534D /* cat.caf */; };
		5BC4758D192F0BE40089534D /* Default-568h@2x.png in Resources */ = {isa = PBXBuildFile; fileRef = 5BC47588192F0BE40089534D /* Default-568h@2x.png */; };
		5BC4758E192F0BE40089534D /* Default.png in Resources */ = {isa = PBXBuildFile; fileRef = 5BC47589192F0BE40089534D /* Default.png */; };
		5BC4758F192F0BE40089534D /* Default@2x.png in Resources */ = {isa = PBXBuildFile; fileRef = 5BC4758A192F0BE40089534D /* Default@2x.png */; };
		5BC47590192F0BE40089534D /* Icon.png in Resources */ = {isa = PBXBuildFile; fileRef = 5BC4758B192F0BE40089534D /* Icon.png */; };
/* End PBXBuildFile section */

/* Begin PBXFileReference section */
		223E873317D4FCF000BC1034 /* CoreTelephony.framework */ = {isa = PBXFileReference; lastKnownFileType = wrapper.framework; name = CoreTelephony.framework; path = System/Library/Frameworks/CoreTelephony.framework; sourceTree = SDKROOT; };
		223E873517D4FD0C00BC1034 /* CFNetwork.framework */ = {isa = PBXFileReference; lastKnownFileType = wrapper.framework; name = CFNetwork.framework; path = System/Library/Frameworks/CFNetwork.framework; sourceTree = SDKROOT; };
		223E873717D4FD3E00BC1034 /* SystemConfiguration.framework */ = {isa = PBXFileReference; lastKnownFileType = wrapper.framework; name = SystemConfiguration.framework; path = System/Library/Frameworks/SystemConfiguration.framework; sourceTree = SDKROOT; };
		223E873917D4FD7A00BC1034 /* libz.dylib */ = {isa = PBXFileReference; lastKnownFileType = "compiled.mach-o.dylib"; name = libz.dylib; path = usr/lib/libz.dylib; sourceTree = SDKROOT; };
		22E8ED391754E8F100A46D71 /* PushDemo.app */ = {isa = PBXFileReference; explicitFileType = wrapper.application; includeInIndex = 0; path = PushDemo.app; sourceTree = BUILT_PRODUCTS_DIR; };
		22E8ED3C1754E8F100A46D71 /* UIKit.framework */ = {isa = PBXFileReference; lastKnownFileType = wrapper.framework; name = UIKit.framework; path = System/Library/Frameworks/UIKit.framework; sourceTree = SDKROOT; };
		22E8ED3E1754E8F100A46D71 /* Foundation.framework */ = {isa = PBXFileReference; lastKnownFileType = wrapper.framework; name = Foundation.framework; path = System/Library/Frameworks/Foundation.framework; sourceTree = SDKROOT; };
		22E8ED401754E8F100A46D71 /* CoreGraphics.framework */ = {isa = PBXFileReference; lastKnownFileType = wrapper.framework; name = CoreGraphics.framework; path = System/Library/Frameworks/CoreGraphics.framework; sourceTree = SDKROOT; };
		22E8ED441754E8F100A46D71 /* PushDemo-Info.plist */ = {isa = PBXFileReference; lastKnownFileType = text.plist.xml; path = "PushDemo-Info.plist"; sourceTree = "<group>"; };
		22E8ED461754E8F100A46D71 /* en */ = {isa = PBXFileReference; lastKnownFileType = text.plist.strings; name = en; path = en.lproj/InfoPlist.strings; sourceTree = "<group>"; };
		22E8ED481754E8F100A46D71 /* main.m */ = {isa = PBXFileReference; lastKnownFileType = sourcecode.c.objc; path = main.m; sourceTree = "<group>"; };
		22E8ED4A1754E8F100A46D71 /* PushDemo-Prefix.pch */ = {isa = PBXFileReference; lastKnownFileType = sourcecode.c.h; path = "PushDemo-Prefix.pch"; sourceTree = "<group>"; };
		22E8ED4B1754E8F100A46D71 /* AppDelegate.h */ = {isa = PBXFileReference; lastKnownFileType = sourcecode.c.h; path = AppDelegate.h; sourceTree = "<group>"; };
		22E8ED4C1754E8F100A46D71 /* AppDelegate.m */ = {isa = PBXFileReference; lastKnownFileType = sourcecode.c.objc; path = AppDelegate.m; sourceTree = "<group>"; };
		22E8ED541754E8F100A46D71 /* ViewController.h */ = {isa = PBXFileReference; lastKnownFileType = sourcecode.c.h; path = ViewController.h; sourceTree = "<group>"; };
		22E8ED551754E8F100A46D71 /* ViewController.m */ = {isa = PBXFileReference; lastKnownFileType = sourcecode.c.objc; path = ViewController.m; sourceTree = "<group>"; };
		22E8ED6C1755EBCC00A46D71 /* BPushConfig.plist */ = {isa = PBXFileReference; fileEncoding = 4; lastKnownFileType = text.plist.xml; path = BPushConfig.plist; sourceTree = "<group>"; };
		22E8EDE71756200900A46D71 /* en */ = {isa = PBXFileReference; lastKnownFileType = file.xib; name = en; path = en.lproj/ViewController.xib; sourceTree = "<group>"; };
		5B5791FF1935E2DD007B1303 /* BPush.h */ = {isa = PBXFileReference; fileEncoding = 4; lastKnownFileType = sourcecode.c.h; path = BPush.h; sourceTree = "<group>"; };
		5B5792001935E2DD007B1303 /* libBPush.a */ = {isa = PBXFileReference; lastKnownFileType = archive.ar; path = libBPush.a; sourceTree = "<group>"; };
		5B5792021935E2DD007B1303 /* Base64.h */ = {isa = PBXFileReference; fileEncoding = 4; lastKnownFileType = sourcecode.c.h; path = Base64.h; sourceTree = "<group>"; };
		5B5792031935E2DD007B1303 /* Base64.m */ = {isa = PBXFileReference; fileEncoding = 4; lastKnownFileType = sourcecode.c.objc; path = Base64.m; sourceTree = "<group>"; };
		5B5792041935E2DD007B1303 /* Base64Defines.h */ = {isa = PBXFileReference; fileEncoding = 4; lastKnownFileType = sourcecode.c.h; path = Base64Defines.h; sourceTree = "<group>"; };
		5B5792051935E2DD007B1303 /* BPushClass.h */ = {isa = PBXFileReference; fileEncoding = 4; lastKnownFileType = sourcecode.c.h; path = BPushClass.h; sourceTree = "<group>"; };
		5B5792061935E2DD007B1303 /* BPushClass.m */ = {isa = PBXFileReference; fileEncoding = 4; lastKnownFileType = sourcecode.c.objc; path = BPushClass.m; sourceTree = "<group>"; };
		5B5792071935E2DD007B1303 /* GzipCompressor.h */ = {isa = PBXFileReference; fileEncoding = 4; lastKnownFileType = sourcecode.c.h; path = GzipCompressor.h; sourceTree = "<group>"; };
		5B5792081935E2DD007B1303 /* GzipCompressor.m */ = {isa = PBXFileReference; fileEncoding = 4; lastKnownFileType = sourcecode.c.objc; path = GzipCompressor.m; sourceTree = "<group>"; };
		5B5792091935E2DD007B1303 /* JSONKit.h */ = {isa = PBXFileReference; fileEncoding = 4; lastKnownFileType = sourcecode.c.h; path = JSONKit.h; sourceTree = "<group>"; };
		5B57920A1935E2DD007B1303 /* JSONKit.m */ = {isa = PBXFileReference; fileEncoding = 4; lastKnownFileType = sourcecode.c.objc; path = JSONKit.m; sourceTree = "<group>"; };
		5B57920B1935E2DD007B1303 /* OpenUDID.h */ = {isa = PBXFileReference; fileEncoding = 4; lastKnownFileType = sourcecode.c.h; path = OpenUDID.h; sourceTree = "<group>"; };
		5B57920C1935E2DD007B1303 /* OpenUDID.m */ = {isa = PBXFileReference; fileEncoding = 4; lastKnownFileType = sourcecode.c.objc; path = OpenUDID.m; sourceTree = "<group>"; };
		5B57920D1935E2DD007B1303 /* Reachability.h */ = {isa = PBXFileReference; fileEncoding = 4; lastKnownFileType = sourcecode.c.h; path = Reachability.h; sourceTree = "<group>"; };
		5B57920E1935E2DD007B1303 /* Reachability.m */ = {isa = PBXFileReference; fileEncoding = 4; lastKnownFileType = sourcecode.c.objc; path = Reachability.m; sourceTree = "<group>"; };
		5BBE04A51924C48C000A50A8 /* libc++.dylib */ = {isa = PBXFileReference; lastKnownFileType = "compiled.mach-o.dylib"; name = "libc++.dylib"; path = "usr/lib/libc++.dylib"; sourceTree = SDKROOT; };
		5BC47584192F070E0089534D /* Security.framework */ = {isa = PBXFileReference; lastKnownFileType = wrapper.framework; name = Security.framework; path = System/Library/Frameworks/Security.framework; sourceTree = SDKROOT; };
		5BC47587192F0BE40089534D /* cat.caf */ = {isa = PBXFileReference; lastKnownFileType = file; path = cat.caf; sourceTree = "<group>"; };
		5BC47588192F0BE40089534D /* Default-568h@2x.png */ = {isa = PBXFileReference; lastKnownFileType = image.png; path = "Default-568h@2x.png"; sourceTree = "<group>"; };
		5BC47589192F0BE40089534D /* Default.png */ = {isa = PBXFileReference; lastKnownFileType = image.png; path = Default.png; sourceTree = "<group>"; };
		5BC4758A192F0BE40089534D /* Default@2x.png */ = {isa = PBXFileReference; lastKnownFileType = image.png; path = "Default@2x.png"; sourceTree = "<group>"; };
		5BC4758B192F0BE40089534D /* Icon.png */ = {isa = PBXFileReference; lastKnownFileType = image.png; path = Icon.png; sourceTree = "<group>"; };
/* End PBXFileReference section */

/* Begin PBXFrameworksBuildPhase section */
		22E8ED361754E8F100A46D71 /* Frameworks */ = {
			isa = PBXFrameworksBuildPhase;
			buildActionMask = 2147483647;
			files = (
				5BC47585192F070E0089534D /* Security.framework in Frameworks */,
				223E875C17D8633600BC1034 /* CoreTelephony.framework in Frameworks */,
				5B57920F1935E2DD007B1303 /* libBPush.a in Frameworks */,
				223E875B17D862EC00BC1034 /* SystemConfiguration.framework in Frameworks */,
				22E8ED3D1754E8F100A46D71 /* UIKit.framework in Frameworks */,
				22E8ED3F1754E8F100A46D71 /* Foundation.framework in Frameworks */,
				223E875A17D8625400BC1034 /* libz.dylib in Frameworks */,
				5BBE04A61924C48C000A50A8 /* libc++.dylib in Frameworks */,
			);
			runOnlyForDeploymentPostprocessing = 0;
		};
/* End PBXFrameworksBuildPhase section */

/* Begin PBXGroup section */
		22E8ED301754E8F100A46D71 = {
			isa = PBXGroup;
			children = (
				22E8ED421754E8F100A46D71 /* PushDemo */,
				22E8ED3B1754E8F100A46D71 /* Frameworks */,
				22E8ED3A1754E8F100A46D71 /* Products */,
			);
			sourceTree = "<group>";
		};
		22E8ED3A1754E8F100A46D71 /* Products */ = {
			isa = PBXGroup;
			children = (
				22E8ED391754E8F100A46D71 /* PushDemo.app */,
			);
			name = Products;
			sourceTree = "<group>";
		};
		22E8ED3B1754E8F100A46D71 /* Frameworks */ = {
			isa = PBXGroup;
			children = (
				5BC47584192F070E0089534D /* Security.framework */,
				223E873717D4FD3E00BC1034 /* SystemConfiguration.framework */,
				223E873517D4FD0C00BC1034 /* CFNetwork.framework */,
				223E873317D4FCF000BC1034 /* CoreTelephony.framework */,
				22E8ED3C1754E8F100A46D71 /* UIKit.framework */,
				22E8ED3E1754E8F100A46D71 /* Foundation.framework */,
				22E8ED401754E8F100A46D71 /* CoreGraphics.framework */,
				5BBE04A51924C48C000A50A8 /* libc++.dylib */,
				223E873917D4FD7A00BC1034 /* libz.dylib */,
			);
			name = Frameworks;
			sourceTree = "<group>";
		};
		22E8ED421754E8F100A46D71 /* PushDemo */ = {
			isa = PBXGroup;
			children = (
				5B5791FE1935E2DD007B1303 /* LibBPush */,
				22E8ED4B1754E8F100A46D71 /* AppDelegate.h */,
				22E8ED4C1754E8F100A46D71 /* AppDelegate.m */,
				22E8ED541754E8F100A46D71 /* ViewController.h */,
				22E8ED551754E8F100A46D71 /* ViewController.m */,
				22E8EDE61756200900A46D71 /* ViewController.xib */,
				5BC47586192F0BE40089534D /* Resources */,
				22E8ED431754E8F100A46D71 /* Supporting Files */,
			);
			path = PushDemo;
			sourceTree = "<group>";
		};
		22E8ED431754E8F100A46D71 /* Supporting Files */ = {
			isa = PBXGroup;
			children = (
				22E8ED6C1755EBCC00A46D71 /* BPushConfig.plist */,
				22E8ED441754E8F100A46D71 /* PushDemo-Info.plist */,
				22E8ED451754E8F100A46D71 /* InfoPlist.strings */,
				22E8ED481754E8F100A46D71 /* main.m */,
				22E8ED4A1754E8F100A46D71 /* PushDemo-Prefix.pch */,
			);
			name = "Supporting Files";
			sourceTree = "<group>";
		};
		5B5791FE1935E2DD007B1303 /* LibBPush */ = {
			isa = PBXGroup;
			children = (
				5B5791FF1935E2DD007B1303 /* BPush.h */,
				5B5792001935E2DD007B1303 /* libBPush.a */,
				5B5792011935E2DD007B1303 /* opensource */,
			);
			name = LibBPush;
			path = ../../LibBPush;
			sourceTree = "<group>";
		};
		5B5792011935E2DD007B1303 /* opensource */ = {
			isa = PBXGroup;
			children = (
				5B5792021935E2DD007B1303 /* Base64.h */,
				5B5792031935E2DD007B1303 /* Base64.m */,
				5B5792041935E2DD007B1303 /* Base64Defines.h */,
				5B5792051935E2DD007B1303 /* BPushClass.h */,
				5B5792061935E2DD007B1303 /* BPushClass.m */,
				5B5792071935E2DD007B1303 /* GzipCompressor.h */,
				5B5792081935E2DD007B1303 /* GzipCompressor.m */,
				5B5792091935E2DD007B1303 /* JSONKit.h */,
				5B57920A1935E2DD007B1303 /* JSONKit.m */,
				5B57920B1935E2DD007B1303 /* OpenUDID.h */,
				5B57920C1935E2DD007B1303 /* OpenUDID.m */,
				5B57920D1935E2DD007B1303 /* Reachability.h */,
				5B57920E1935E2DD007B1303 /* Reachability.m */,
			);
			path = opensource;
			sourceTree = "<group>";
		};
		5BC47586192F0BE40089534D /* Resources */ = {
			isa = PBXGroup;
			children = (
				5BC47587192F0BE40089534D /* cat.caf */,
				5BC47588192F0BE40089534D /* Default-568h@2x.png */,
				5BC47589192F0BE40089534D /* Default.png */,
				5BC4758A192F0BE40089534D /* Default@2x.png */,
				5BC4758B192F0BE40089534D /* Icon.png */,
			);
			path = Resources;
			sourceTree = "<group>";
		};
/* End PBXGroup section */

/* Begin PBXNativeTarget section */
		22E8ED381754E8F100A46D71 /* PushDemo */ = {
			isa = PBXNativeTarget;
			buildConfigurationList = 22E8ED5F1754E8F100A46D71 /* Build configuration list for PBXNativeTarget "PushDemo" */;
			buildPhases = (
				22E8ED351754E8F100A46D71 /* Sources */,
				22E8ED361754E8F100A46D71 /* Frameworks */,
				22E8ED371754E8F100A46D71 /* Resources */,
			);
			buildRules = (
			);
			dependencies = (
			);
			name = PushDemo;
			productName = PushDemo;
			productReference = 22E8ED391754E8F100A46D71 /* PushDemo.app */;
			productType = "com.apple.product-type.application";
		};
/* End PBXNativeTarget section */

/* Begin PBXProject section */
		22E8ED311754E8F100A46D71 /* Project object */ = {
			isa = PBXProject;
			attributes = {
				LastUpgradeCheck = 0510;
				ORGANIZATIONNAME = baidu;
				TargetAttributes = {
					22E8ED381754E8F100A46D71 = {
						DevelopmentTeam = 6T9LLJKSM4;
					};
				};
			};
			buildConfigurationList = 22E8ED341754E8F100A46D71 /* Build configuration list for PBXProject "PushDemo" */;
			compatibilityVersion = "Xcode 3.2";
			developmentRegion = English;
			hasScannedForEncodings = 0;
			knownRegions = (
				en,
			);
			mainGroup = 22E8ED301754E8F100A46D71;
			productRefGroup = 22E8ED3A1754E8F100A46D71 /* Products */;
			projectDirPath = "";
			projectRoot = "";
			targets = (
				22E8ED381754E8F100A46D71 /* PushDemo */,
			);
		};
/* End PBXProject section */

/* Begin PBXResourcesBuildPhase section */
		22E8ED371754E8F100A46D71 /* Resources */ = {
			isa = PBXResourcesBuildPhase;
			buildActionMask = 2147483647;
			files = (
				22E8ED471754E8F100A46D71 /* InfoPlist.strings in Resources */,
				5BC4758E192F0BE40089534D /* Default.png in Resources */,
				22E8ED6D1755EBCC00A46D71 /* BPushConfig.plist in Resources */,
				22E8EDE81756200900A46D71 /* ViewController.xib in Resources */,
				5BC47590192F0BE40089534D /* Icon.png in Resources */,
				5BC4758D192F0BE40089534D /* Default-568h@2x.png in Resources */,
				5BC4758F192F0BE40089534D /* Default@2x.png in Resources */,
				5BC4758C192F0BE40089534D /* cat.caf in Resources */,
			);
			runOnlyForDeploymentPostprocessing = 0;
		};
/* End PBXResourcesBuildPhase section */

/* Begin PBXSourcesBuildPhase section */
		22E8ED351754E8F100A46D71 /* Sources */ = {
			isa = PBXSourcesBuildPhase;
			buildActionMask = 2147483647;
			files = (
				5B5792111935E2DD007B1303 /* BPushClass.m in Sources */,
				5B5792101935E2DD007B1303 /* Base64.m in Sources */,
				5B5792121935E2DD007B1303 /* GzipCompressor.m in Sources */,
				22E8ED491754E8F100A46D71 /* main.m in Sources */,
				22E8ED4D1754E8F100A46D71 /* AppDelegate.m in Sources */,
				5B5792141935E2DD007B1303 /* OpenUDID.m in Sources */,
				5B5792131935E2DD007B1303 /* JSONKit.m in Sources */,
				5B5792151935E2DD007B1303 /* Reachability.m in Sources */,
				22E8ED561754E8F100A46D71 /* ViewController.m in Sources */,
			);
			runOnlyForDeploymentPostprocessing = 0;
		};
/* End PBXSourcesBuildPhase section */

/* Begin PBXVariantGroup section */
		22E8ED451754E8F100A46D71 /* InfoPlist.strings */ = {
			isa = PBXVariantGroup;
			children = (
				22E8ED461754E8F100A46D71 /* en */,
			);
			name = InfoPlist.strings;
			sourceTree = "<group>";
		};
		22E8EDE61756200900A46D71 /* ViewController.xib */ = {
			isa = PBXVariantGroup;
			children = (
				22E8EDE71756200900A46D71 /* en */,
			);
			name = ViewController.xib;
			sourceTree = "<group>";
		};
/* End PBXVariantGroup section */

/* Begin XCBuildConfiguration section */
		22E8ED5D1754E8F100A46D71 /* Debug */ = {
			isa = XCBuildConfiguration;
			buildSettings = {
				ALWAYS_SEARCH_USER_PATHS = NO;
				CLANG_CXX_LANGUAGE_STANDARD = "gnu++0x";
				CLANG_CXX_LIBRARY = "libc++";
				CLANG_WARN_CONSTANT_CONVERSION = YES;
				CLANG_WARN_EMPTY_BODY = YES;
				CLANG_WARN_ENUM_CONVERSION = YES;
				CLANG_WARN_INT_CONVERSION = YES;
				CLANG_WARN__DUPLICATE_METHOD_MATCH = YES;
				CODE_SIGN_IDENTITY = "iPhone Distribution: Beijing Baidu Netcom Science & Technology Co.,Ltd.";
				COPY_PHASE_STRIP = NO;
				GCC_C_LANGUAGE_STANDARD = gnu99;
				GCC_DYNAMIC_NO_PIC = NO;
				GCC_OPTIMIZATION_LEVEL = 0;
				GCC_PREPROCESSOR_DEFINITIONS = (
					"DEBUG=1",
					"$(inherited)",
				);
				GCC_SYMBOLS_PRIVATE_EXTERN = NO;
				GCC_WARN_ABOUT_RETURN_TYPE = YES;
				GCC_WARN_UNINITIALIZED_AUTOS = YES;
				GCC_WARN_UNUSED_VARIABLE = YES;
				IPHONEOS_DEPLOYMENT_TARGET = 4.3;
				ONLY_ACTIVE_ARCH = YES;
				OTHER_LDFLAGS = "";
				PROVISIONING_PROFILE = "7F6B8487-AFC6-4B1A-9BAB-D07E9F233EC0";
				SDKROOT = iphoneos;
				TARGETED_DEVICE_FAMILY = "1,2";
			};
			name = Debug;
		};
		22E8ED5E1754E8F100A46D71 /* Release */ = {
			isa = XCBuildConfiguration;
			buildSettings = {
				ALWAYS_SEARCH_USER_PATHS = NO;
				CLANG_CXX_LANGUAGE_STANDARD = "gnu++0x";
				CLANG_CXX_LIBRARY = "libc++";
				CLANG_WARN_CONSTANT_CONVERSION = YES;
				CLANG_WARN_EMPTY_BODY = YES;
				CLANG_WARN_ENUM_CONVERSION = YES;
				CLANG_WARN_INT_CONVERSION = YES;
				CLANG_WARN__DUPLICATE_METHOD_MATCH = YES;
				CODE_SIGN_IDENTITY = "iPhone Distribution: Beijing Baidu Netcom Science & Technology Co.,Ltd.";
				COPY_PHASE_STRIP = YES;
				GCC_C_LANGUAGE_STANDARD = gnu99;
				GCC_WARN_ABOUT_RETURN_TYPE = YES;
				GCC_WARN_UNINITIALIZED_AUTOS = YES;
				GCC_WARN_UNUSED_VARIABLE = YES;
				IPHONEOS_DEPLOYMENT_TARGET = 4.3;
				ONLY_ACTIVE_ARCH = NO;
				OTHER_CFLAGS = "-DNS_BLOCK_ASSERTIONS=1";
				OTHER_LDFLAGS = "";
				PROVISIONING_PROFILE = "7F6B8487-AFC6-4B1A-9BAB-D07E9F233EC0";
				SDKROOT = iphoneos;
				TARGETED_DEVICE_FAMILY = "1,2";
				VALIDATE_PRODUCT = YES;
			};
			name = Release;
		};
		22E8ED601754E8F100A46D71 /* Debug */ = {
			isa = XCBuildConfiguration;
			buildSettings = {
				CODE_SIGN_IDENTITY = "iPhone Developer: meijun wang (N3ZQ98T863)";
				GCC_PRECOMPILE_PREFIX_HEADER = YES;
				GCC_PREFIX_HEADER = "PushDemo/PushDemo-Prefix.pch";
				INFOPLIST_FILE = "PushDemo/PushDemo-Info.plist";
				IPHONEOS_DEPLOYMENT_TARGET = 4.3;
				LIBRARY_SEARCH_PATHS = (
					"$(inherited)",
					../LibBPush,
				);
				PRODUCT_NAME = "$(TARGET_NAME)";
				PROVISIONING_PROFILE = "5601BC25-DAC5-46E7-AD5D-5843FE790C84";
				WRAPPER_EXTENSION = app;
			};
			name = Debug;
		};
		22E8ED611754E8F100A46D71 /* Release */ = {
			isa = XCBuildConfiguration;
			buildSettings = {
				CODE_SIGN_IDENTITY = "iPhone Developer: meijun wang (N3ZQ98T863)";
				GCC_PRECOMPILE_PREFIX_HEADER = YES;
				GCC_PREFIX_HEADER = "PushDemo/PushDemo-Prefix.pch";
				INFOPLIST_FILE = "PushDemo/PushDemo-Info.plist";
				IPHONEOS_DEPLOYMENT_TARGET = 4.3;
				LIBRARY_SEARCH_PATHS = (
					"$(inherited)",
					../LibBPush,
				);
				PRODUCT_NAME = "$(TARGET_NAME)";
				PROVISIONING_PROFILE = "5601BC25-DAC5-46E7-AD5D-5843FE790C84";
				WRAPPER_EXTENSION = app;
			};
			name = Release;
		};
/* End XCBuildConfiguration section */

/* Begin XCConfigurationList section */
		22E8ED341754E8F100A46D71 /* Build configuration list for PBXProject "PushDemo" */ = {
			isa = XCConfigurationList;
			buildConfigurations = (
				22E8ED5D1754E8F100A46D71 /* Debug */,
				22E8ED5E1754E8F100A46D71 /* Release */,
			);
			defaultConfigurationIsVisible = 0;
			defaultConfigurationName = Release;
		};
		22E8ED5F1754E8F100A46D71 /* Build configuration list for PBXNativeTarget "PushDemo" */ = {
			isa = XCConfigurationList;
			buildConfigurations = (
				22E8ED601754E8F100A46D71 /* Debug */,
				22E8ED611754E8F100A46D71 /* Release */,
			);
			defaultConfigurationIsVisible = 0;
			defaultConfigurationName = Release;
		};
/* End XCConfigurationList section */
	};
	rootObject = 22E8ED311754E8F100A46D71 /* Project object */;
}
